
Microsoft Visual Studio Solution File, Format Version 12.00
# Visual Studio Version 16
VisualStudioVersion = 16.0.31019.35
MinimumVisualStudioVersion = 10.0.40219.1
Project("{9A19103F-16F7-4668-BE54-9A1E7A4F7556}") = "SimpleLogin.Server", "Server\SimpleLogin.Server.csproj", "{0BADE958-ED48-4C7C-AD09-C365D957C726}"
EndProject
Project("{9A19103F-16F7-4668-BE54-9A1E7A4F7556}") = "SimpleLogin.Client", "Client\SimpleLogin.Client.csproj", "{213564D1-53FE-4B70-8449-80B8F1DEDEC6}"
EndProject
Project("{9A19103F-16F7-4668-BE54-9A1E7A4F7556}") = "SimpleLogin.Shared", "Shared\SimpleLogin.Shared.csproj", "{F3D00F09-2FC4-4C1B-AD7A-CDC66640C7AD}"
EndProject
Project("{9A19103F-16F7-4668-BE54-9A1E7A4F7556}") = "WebAPIApplication", "APISourceCode\WebAPIApplication.csproj", "{44B3D637-AA64-4E76-B9D0-B4EFA2A0B39C}"
EndProject
Global
	GlobalSection(SolutionConfigurationPlatforms) = preSolution
		Debug|Any CPU = Debug|Any CPU
		Release|Any CPU = Release|Any CPU
	EndGlobalSection
	GlobalSection(ProjectConfigurationPlatforms) = postSolution
		{0BADE958-ED48-4C7C-AD09-C365D957C726}.Debug|Any CPU.ActiveCfg = Debug|Any CPU
		{0BADE958-ED48-4C7C-AD09-C365D957C726}.Debug|Any CPU.Build.0 = Debug|Any CPU
		{0BADE958-ED48-4C7C-AD09-C365D957C726}.Release|Any CPU.ActiveCfg = Release|Any CPU
		{0BADE958-ED48-4C7C-AD09-C365D957C726}.Release|Any CPU.Build.0 = Release|Any CPU
		{213564D1-53FE-4B70-8449-80B8F1DEDEC6}.Debug|Any CPU.ActiveCfg = Debug|Any CPU
		{213564D1-53FE-4B70-8449-80B8F1DEDEC6}.Debug|Any CPU.Build.0 = Debug|Any CPU
		{213564D1-53FE-4B70-8449-80B8F1DEDEC6}.Release|Any CPU.ActiveCfg = Release|Any CPU
		{213564D1-53FE-4B70-8449-80B8F1DEDEC6}.Release|Any CPU.Build.0 = Release|Any CPU
		{F3D00F09-2FC4-4C1B-AD7A-CDC66640C7AD}.Debug|Any CPU.ActiveCfg = Debug|Any CPU
		{F3D00F09-2FC4-4C1B-AD7A-CDC66640C7AD}.Debug|Any CPU.Build.0 = Debug|Any CPU
		{F3D00F09-2FC4-4C1B-AD7A-CDC66640C7AD}.Release|Any CPU.ActiveCfg = Release|Any CPU
		{F3D00F09-2FC4-4C1B-AD7A-CDC66640C7AD}.Release|Any CPU.Build.0 = Release|Any CPU
		{44B3D637-AA64-4E76-B9D0-B4EFA2A0B39C}.Debug|Any CPU.ActiveCfg = Debug|Any CPU
		{44B3D637-AA64-4E76-B9D0-B4EFA2A0B39C}.Debug|Any CPU.Build.0 = Debug|Any CPU
		{44B3D637-AA64-4E76-B9D0-B4EFA2A0B39C}.Release|Any CPU.ActiveCfg = Release|Any CPU
		{44B3D637-AA64-4E76-B9D0-B4EFA2A0B39C}.Release|Any CPU.Build.0 = Release|Any CPU
	EndGlobalSection
	GlobalSection(SolutionProperties) = preSolution
		HideSolutionNode = FALSE
	EndGlobalSection
	GlobalSection(ExtensibilityGlobals) = postSolution
		SolutionGuid = {E5505249-F715-4A2E-84C0-F34818908D91}
	EndGlobalSection
EndGlobal
