
Microsoft Visual Studio Solution File, Format Version 12.00
# Visual Studio Version 16
VisualStudioVersion = 16.0.31624.102
MinimumVisualStudioVersion = 10.0.40219.1
Project("{9A19103F-16F7-4668-BE54-9A1E7A4F7556}") = "Rabbitmq-Receive-Service", "Rabbitmq-Receive-Service.csproj", "{4FD4CE44-5DDB-4225-8AA2-21C82A98CB66}"
EndProject
Global
	GlobalSection(SolutionConfigurationPlatforms) = preSolution
		Debug|Any CPU = Debug|Any CPU
		Release|Any CPU = Release|Any CPU
	EndGlobalSection
	GlobalSection(ProjectConfigurationPlatforms) = postSolution
		{4FD4CE44-5DDB-4225-8AA2-21C82A98CB66}.Debug|Any CPU.ActiveCfg = Debug|Any CPU
		{4FD4CE44-5DDB-4225-8AA2-21C82A98CB66}.Debug|Any CPU.Build.0 = Debug|Any CPU
		{4FD4CE44-5DDB-4225-8AA2-21C82A98CB66}.Release|Any CPU.ActiveCfg = Release|Any CPU
		{4FD4CE44-5DDB-4225-8AA2-21C82A98CB66}.Release|Any CPU.Build.0 = Release|Any CPU
	EndGlobalSection
	GlobalSection(SolutionProperties) = preSolution
		HideSolutionNode = FALSE
	EndGlobalSection
	GlobalSection(ExtensibilityGlobals) = postSolution
		SolutionGuid = {CE9A1EE7-D9EA-482A-A1B1-CB0485891F7F}
	EndGlobalSection
EndGlobal
